
Microsoft Visual Studio Solution File, Format Version 11.00
# Visual Studio 2010
Project("{F184B08F-C81C-45F6-A57F-5ABD9991F28F}") = "Phoenix - Medicaid Server", "Phoenix - Medicaid Server\Phoenix - Medicaid Server.vbproj", "{6069E16A-9E50-4752-AD27-A465524A0E79}"
EndProject
Global
	GlobalSection(SolutionConfigurationPlatforms) = preSolution
		Debug|x86 = Debug|x86
		Release|x86 = Release|x86
	EndGlobalSection
	GlobalSection(ProjectConfigurationPlatforms) = postSolution
		{6069E16A-9E50-4752-AD27-A465524A0E79}.Debug|x86.ActiveCfg = Debug|x86
		{6069E16A-9E50-4752-AD27-A465524A0E79}.Debug|x86.Build.0 = Debug|x86
		{6069E16A-9E50-4752-AD27-A465524A0E79}.Release|x86.ActiveCfg = Release|x86
		{6069E16A-9E50-4752-AD27-A465524A0E79}.Release|x86.Build.0 = Release|x86
	EndGlobalSection
	GlobalSection(SolutionProperties) = preSolution
		HideSolutionNode = FALSE
	EndGlobalSection
EndGlobal
